
Microsoft Visual Studio Solution File, Format Version 12.00
# Visual Studio Version 17
VisualStudioVersion = 17.6.33829.357
MinimumVisualStudioVersion = 10.0.40219.1
Project("{FAE04EC0-301F-11D3-BF4B-00C04F79EFBC}") = "PL", "PL\PL.csproj", "{5AA935C7-0CA5-47D1-90EB-24930FB8294E}"
EndProject
Project("{FAE04EC0-301F-11D3-BF4B-00C04F79EFBC}") = "BL", "BL\BL.csproj", "{06D33A65-0E14-4E8A-A95D-0053117ECE21}"
EndProject
Project("{FAE04EC0-301F-11D3-BF4B-00C04F79EFBC}") = "DL", "DL\DL.csproj", "{B5F1D3B4-22A5-473D-9BA2-9A75DE9FB293}"
EndProject
Project("{FAE04EC0-301F-11D3-BF4B-00C04F79EFBC}") = "ML", "ML\ML.csproj", "{6E025B7D-277D-4820-9DB3-1687E620D62C}"
EndProject
Project("{FAE04EC0-301F-11D3-BF4B-00C04F79EFBC}") = "DL_EF", "DL_EF\DL_EF.csproj", "{DA26D9B6-C3A4-4AF4-A312-F99DFCE72623}"
EndProject
Project("{FAE04EC0-301F-11D3-BF4B-00C04F79EFBC}") = "PL_MVC", "PL_MVC\PL_MVC.csproj", "{0BDA58CF-EDDF-4CAD-A9AA-5833A8D23639}"
	ProjectSection(ProjectDependencies) = postProject
		{822B2EE2-8CFB-4912-956C-D8DBB10A1B12} = {822B2EE2-8CFB-4912-956C-D8DBB10A1B12}
	EndProjectSection
EndProject
Project("{FAE04EC0-301F-11D3-BF4B-00C04F79EFBC}") = "SL_WCF", "SL_WCF\SL_WCF.csproj", "{822B2EE2-8CFB-4912-956C-D8DBB10A1B12}"
EndProject
Global
	GlobalSection(SolutionConfigurationPlatforms) = preSolution
		Debug|Any CPU = Debug|Any CPU
		Release|Any CPU = Release|Any CPU
	EndGlobalSection
	GlobalSection(ProjectConfigurationPlatforms) = postSolution
		{5AA935C7-0CA5-47D1-90EB-24930FB8294E}.Debug|Any CPU.ActiveCfg = Debug|Any CPU
		{5AA935C7-0CA5-47D1-90EB-24930FB8294E}.Debug|Any CPU.Build.0 = Debug|Any CPU
		{5AA935C7-0CA5-47D1-90EB-24930FB8294E}.Release|Any CPU.ActiveCfg = Release|Any CPU
		{5AA935C7-0CA5-47D1-90EB-24930FB8294E}.Release|Any CPU.Build.0 = Release|Any CPU
		{06D33A65-0E14-4E8A-A95D-0053117ECE21}.Debug|Any CPU.ActiveCfg = Debug|Any CPU
		{06D33A65-0E14-4E8A-A95D-0053117ECE21}.Debug|Any CPU.Build.0 = Debug|Any CPU
		{06D33A65-0E14-4E8A-A95D-0053117ECE21}.Release|Any CPU.ActiveCfg = Release|Any CPU
		{06D33A65-0E14-4E8A-A95D-0053117ECE21}.Release|Any CPU.Build.0 = Release|Any CPU
		{B5F1D3B4-22A5-473D-9BA2-9A75DE9FB293}.Debug|Any CPU.ActiveCfg = Debug|Any CPU
		{B5F1D3B4-22A5-473D-9BA2-9A75DE9FB293}.Debug|Any CPU.Build.0 = Debug|Any CPU
		{B5F1D3B4-22A5-473D-9BA2-9A75DE9FB293}.Release|Any CPU.ActiveCfg = Release|Any CPU
		{B5F1D3B4-22A5-473D-9BA2-9A75DE9FB293}.Release|Any CPU.Build.0 = Release|Any CPU
		{6E025B7D-277D-4820-9DB3-1687E620D62C}.Debug|Any CPU.ActiveCfg = Debug|Any CPU
		{6E025B7D-277D-4820-9DB3-1687E620D62C}.Debug|Any CPU.Build.0 = Debug|Any CPU
		{6E025B7D-277D-4820-9DB3-1687E620D62C}.Release|Any CPU.ActiveCfg = Release|Any CPU
		{6E025B7D-277D-4820-9DB3-1687E620D62C}.Release|Any CPU.Build.0 = Release|Any CPU
		{DA26D9B6-C3A4-4AF4-A312-F99DFCE72623}.Debug|Any CPU.ActiveCfg = Debug|Any CPU
		{DA26D9B6-C3A4-4AF4-A312-F99DFCE72623}.Debug|Any CPU.Build.0 = Debug|Any CPU
		{DA26D9B6-C3A4-4AF4-A312-F99DFCE72623}.Release|Any CPU.ActiveCfg = Release|Any CPU
		{DA26D9B6-C3A4-4AF4-A312-F99DFCE72623}.Release|Any CPU.Build.0 = Release|Any CPU
		{0BDA58CF-EDDF-4CAD-A9AA-5833A8D23639}.Debug|Any CPU.ActiveCfg = Debug|Any CPU
		{0BDA58CF-EDDF-4CAD-A9AA-5833A8D23639}.Debug|Any CPU.Build.0 = Debug|Any CPU
		{0BDA58CF-EDDF-4CAD-A9AA-5833A8D23639}.Release|Any CPU.ActiveCfg = Release|Any CPU
		{0BDA58CF-EDDF-4CAD-A9AA-5833A8D23639}.Release|Any CPU.Build.0 = Release|Any CPU
		{822B2EE2-8CFB-4912-956C-D8DBB10A1B12}.Debug|Any CPU.ActiveCfg = Debug|Any CPU
		{822B2EE2-8CFB-4912-956C-D8DBB10A1B12}.Debug|Any CPU.Build.0 = Debug|Any CPU
		{822B2EE2-8CFB-4912-956C-D8DBB10A1B12}.Release|Any CPU.ActiveCfg = Release|Any CPU
		{822B2EE2-8CFB-4912-956C-D8DBB10A1B12}.Release|Any CPU.Build.0 = Release|Any CPU
	EndGlobalSection
	GlobalSection(SolutionProperties) = preSolution
		HideSolutionNode = FALSE
	EndGlobalSection
	GlobalSection(ExtensibilityGlobals) = postSolution
		SolutionGuid = {6D833E79-D942-420F-84BA-16B29F3DB5AE}
	EndGlobalSection
EndGlobal
